// !$*UTF8*$!
{
	archiveVersion = 1;
	classes = {
	};
	objectVersion = 54;
	objects = {
		97C146E51CF9000F007C117D /* Generated.xcconfig */ = {
			isa = PBXFileReference;
			fileEncoding = 4;
			lastKnownFileType = text.xcconfig;
			name = Generated.xcconfig;
			path = Flutter/Generated.xcconfig;
			sourceTree = "<group>";
		};
		97C146EE1CF9000F007C117D /* Runner.app */ = {
			isa = PBXFileReference;
			explicitFileType = wrapper.application;
			includeInIndex = 0;
			path = Runner.app;
			sourceTree = BUILT_PRODUCTS_DIR;
		};
		97C146FB1CF9000F007C117D /* Base */ = {
			isa = PBXFileReference;
			lastKnownFileType = file.storyboard;
			name = Base;
			path = Base.lproj/Main.storyboard;
			sourceTree = "<group>";
		};
		97C146FD1CF9000F007C117D /* Assets.xcassets */ = {
			isa = PBXFileReference;
			lastKnownFileType = folder.assetcatalog;
			path = Assets.xcassets;
			sourceTree = "<group>";
		};
		97C147001CF9000F007C117D /* Base */ = {
			isa = PBXFileReference;
			lastKnownFileType = file.storyboard;
			name = Base;
			path = Base.lproj/LaunchScreen.storyboard;
			sourceTree = "<group>";
		};
		97C147021CF9000F007C117D /* Info.plist */ = {
			isa = PBXFileReference;
			lastKnownFileType = text.plist.xml;
			path = Info.plist;
			sourceTree = "<group>";
		};
	};
	rootObject = 97C146E61CF9000F007C117D /* Project object */;
}
